
Microsoft Visual Studio Solution File, Format Version 12.00
# Visual Studio 15
VisualStudioVersion = 15.0.27428.2015
MinimumVisualStudioVersion = 10.0.40219.1
Project("{8BC9CEB8-8B4A-11D0-8D11-00A0C91BC942}") = "OpenGlMinecraft", "OpenGlMinecraft\OpenGlMinecraft.vcxproj", "{329303E1-26DB-40C1-AF09-980BF3AFF849}"
EndProject
Global
	GlobalSection(SolutionConfigurationPlatforms) = preSolution
		Debug|x64 = Debug|x64
		Debug|x86 = Debug|x86
		Release|x64 = Release|x64
		Release|x86 = Release|x86
	EndGlobalSection
	GlobalSection(ProjectConfigurationPlatforms) = postSolution
		{329303E1-26DB-40C1-AF09-980BF3AFF849}.Debug|x64.ActiveCfg = Debug|x64
		{329303E1-26DB-40C1-AF09-980BF3AFF849}.Debug|x64.Build.0 = Debug|x64
		{329303E1-26DB-40C1-AF09-980BF3AFF849}.Debug|x86.ActiveCfg = Debug|Win32
		{329303E1-26DB-40C1-AF09-980BF3AFF849}.Debug|x86.Build.0 = Debug|Win32
		{329303E1-26DB-40C1-AF09-980BF3AFF849}.Release|x64.ActiveCfg = Release|x64
		{329303E1-26DB-40C1-AF09-980BF3AFF849}.Release|x64.Build.0 = Release|x64
		{329303E1-26DB-40C1-AF09-980BF3AFF849}.Release|x86.ActiveCfg = Release|Win32
		{329303E1-26DB-40C1-AF09-980BF3AFF849}.Release|x86.Build.0 = Release|Win32
	EndGlobalSection
	GlobalSection(SolutionProperties) = preSolution
		HideSolutionNode = FALSE
	EndGlobalSection
	GlobalSection(ExtensibilityGlobals) = postSolution
		SolutionGuid = {9617D192-062F-4E9E-BD1F-6288BCD3AA20}
	EndGlobalSection
EndGlobal
